
Microsoft Visual Studio Solution File, Format Version 12.00
# Visual Studio Version 16
VisualStudioVersion = 16.0.29326.143
MinimumVisualStudioVersion = 10.0.40219.1
Project("{8BC9CEB8-8B4A-11D0-8D11-00A0C91BC942}") = "Основное задание 1", "Лабораторная работа номер 6.vcxproj", "{9F2E3A59-6C3D-4566-98CC-023F1AF6AB00}"
EndProject
Project("{8BC9CEB8-8B4A-11D0-8D11-00A0C91BC942}") = "Основное задание 6", "..\Основное задание 6\Основное задание 6.vcxproj", "{B3A7CCD7-5B59-4CD1-B895-D4EDA5379A69}"
EndProject
Project("{8BC9CEB8-8B4A-11D0-8D11-00A0C91BC942}") = "Дополнительное задание 3", "..\Дополнительное задание 3\Дополнительное задание 3.vcxproj", "{2BD10D5C-F1C5-438F-B327-774483AE5D06}"
EndProject
Project("{8BC9CEB8-8B4A-11D0-8D11-00A0C91BC942}") = "Дополнительное задание 6", "..\Дополнительное задание 6\Дополнительное задание 6.vcxproj", "{5DD6C121-B961-476B-838F-C2E2BB2A329B}"
EndProject
Project("{8BC9CEB8-8B4A-11D0-8D11-00A0C91BC942}") = "Дополнительное задание 1", "..\Дополнительное задание 1\Дополнительное задание 1.vcxproj", "{0748CD17-1BEB-4594-919E-0652D70533B8}"
EndProject
Global
	GlobalSection(SolutionConfigurationPlatforms) = preSolution
		Debug|x64 = Debug|x64
		Debug|x86 = Debug|x86
		Release|x64 = Release|x64
		Release|x86 = Release|x86
	EndGlobalSection
	GlobalSection(ProjectConfigurationPlatforms) = postSolution
		{9F2E3A59-6C3D-4566-98CC-023F1AF6AB00}.Debug|x64.ActiveCfg = Debug|x64
		{9F2E3A59-6C3D-4566-98CC-023F1AF6AB00}.Debug|x64.Build.0 = Debug|x64
		{9F2E3A59-6C3D-4566-98CC-023F1AF6AB00}.Debug|x86.ActiveCfg = Release|Win32
		{9F2E3A59-6C3D-4566-98CC-023F1AF6AB00}.Debug|x86.Build.0 = Release|Win32
		{9F2E3A59-6C3D-4566-98CC-023F1AF6AB00}.Release|x64.ActiveCfg = Release|x64
		{9F2E3A59-6C3D-4566-98CC-023F1AF6AB00}.Release|x64.Build.0 = Release|x64
		{9F2E3A59-6C3D-4566-98CC-023F1AF6AB00}.Release|x86.ActiveCfg = Release|Win32
		{9F2E3A59-6C3D-4566-98CC-023F1AF6AB00}.Release|x86.Build.0 = Release|Win32
		{B3A7CCD7-5B59-4CD1-B895-D4EDA5379A69}.Debug|x64.ActiveCfg = Debug|x64
		{B3A7CCD7-5B59-4CD1-B895-D4EDA5379A69}.Debug|x64.Build.0 = Debug|x64
		{B3A7CCD7-5B59-4CD1-B895-D4EDA5379A69}.Debug|x86.ActiveCfg = Release|Win32
		{B3A7CCD7-5B59-4CD1-B895-D4EDA5379A69}.Debug|x86.Build.0 = Release|Win32
		{B3A7CCD7-5B59-4CD1-B895-D4EDA5379A69}.Release|x64.ActiveCfg = Release|x64
		{B3A7CCD7-5B59-4CD1-B895-D4EDA5379A69}.Release|x64.Build.0 = Release|x64
		{B3A7CCD7-5B59-4CD1-B895-D4EDA5379A69}.Release|x86.ActiveCfg = Release|Win32
		{B3A7CCD7-5B59-4CD1-B895-D4EDA5379A69}.Release|x86.Build.0 = Release|Win32
		{2BD10D5C-F1C5-438F-B327-774483AE5D06}.Debug|x64.ActiveCfg = Debug|x64
		{2BD10D5C-F1C5-438F-B327-774483AE5D06}.Debug|x64.Build.0 = Debug|x64
		{2BD10D5C-F1C5-438F-B327-774483AE5D06}.Debug|x86.ActiveCfg = Release|Win32
		{2BD10D5C-F1C5-438F-B327-774483AE5D06}.Debug|x86.Build.0 = Release|Win32
		{2BD10D5C-F1C5-438F-B327-774483AE5D06}.Release|x64.ActiveCfg = Release|x64
		{2BD10D5C-F1C5-438F-B327-774483AE5D06}.Release|x64.Build.0 = Release|x64
		{2BD10D5C-F1C5-438F-B327-774483AE5D06}.Release|x86.ActiveCfg = Release|Win32
		{2BD10D5C-F1C5-438F-B327-774483AE5D06}.Release|x86.Build.0 = Release|Win32
		{5DD6C121-B961-476B-838F-C2E2BB2A329B}.Debug|x64.ActiveCfg = Debug|x64
		{5DD6C121-B961-476B-838F-C2E2BB2A329B}.Debug|x64.Build.0 = Debug|x64
		{5DD6C121-B961-476B-838F-C2E2BB2A329B}.Debug|x86.ActiveCfg = Release|Win32
		{5DD6C121-B961-476B-838F-C2E2BB2A329B}.Debug|x86.Build.0 = Release|Win32
		{5DD6C121-B961-476B-838F-C2E2BB2A329B}.Release|x64.ActiveCfg = Release|x64
		{5DD6C121-B961-476B-838F-C2E2BB2A329B}.Release|x64.Build.0 = Release|x64
		{5DD6C121-B961-476B-838F-C2E2BB2A329B}.Release|x86.ActiveCfg = Release|Win32
		{5DD6C121-B961-476B-838F-C2E2BB2A329B}.Release|x86.Build.0 = Release|Win32
		{0748CD17-1BEB-4594-919E-0652D70533B8}.Debug|x64.ActiveCfg = Debug|x64
		{0748CD17-1BEB-4594-919E-0652D70533B8}.Debug|x64.Build.0 = Debug|x64
		{0748CD17-1BEB-4594-919E-0652D70533B8}.Debug|x86.ActiveCfg = Release|Win32
		{0748CD17-1BEB-4594-919E-0652D70533B8}.Debug|x86.Build.0 = Release|Win32
		{0748CD17-1BEB-4594-919E-0652D70533B8}.Release|x64.ActiveCfg = Release|x64
		{0748CD17-1BEB-4594-919E-0652D70533B8}.Release|x64.Build.0 = Release|x64
		{0748CD17-1BEB-4594-919E-0652D70533B8}.Release|x86.ActiveCfg = Release|Win32
		{0748CD17-1BEB-4594-919E-0652D70533B8}.Release|x86.Build.0 = Release|Win32
	EndGlobalSection
	GlobalSection(SolutionProperties) = preSolution
		HideSolutionNode = FALSE
	EndGlobalSection
	GlobalSection(ExtensibilityGlobals) = postSolution
		SolutionGuid = {233C1A2A-1DE3-4F50-8CAC-40E2478FAE51}
	EndGlobalSection
EndGlobal
